
Microsoft Visual Studio Solution File, Format Version 12.00
# Visual Studio Version 17
VisualStudioVersion = 17.11.35222.181
MinimumVisualStudioVersion = 10.0.40219.1
Project("{8BC9CEB8-8B4A-11D0-8D11-00A0C91BC942}") = "lab9.1", "lab9.1\lab9.1.vcxproj", "{71C5DFCA-080F-4D78-88B2-76D51CE17DC6}"
EndProject
Project("{8BC9CEB8-8B4A-11D0-8D11-00A0C91BC942}") = "UnitTest1", "UnitTest1\UnitTest1.vcxproj", "{50D6242D-0461-4130-8C90-74F20C74B487}"
EndProject
Global
	GlobalSection(SolutionConfigurationPlatforms) = preSolution
		Debug|x64 = Debug|x64
		Debug|x86 = Debug|x86
		Release|x64 = Release|x64
		Release|x86 = Release|x86
	EndGlobalSection
	GlobalSection(ProjectConfigurationPlatforms) = postSolution
		{71C5DFCA-080F-4D78-88B2-76D51CE17DC6}.Debug|x64.ActiveCfg = Debug|x64
		{71C5DFCA-080F-4D78-88B2-76D51CE17DC6}.Debug|x64.Build.0 = Debug|x64
		{71C5DFCA-080F-4D78-88B2-76D51CE17DC6}.Debug|x86.ActiveCfg = Debug|Win32
		{71C5DFCA-080F-4D78-88B2-76D51CE17DC6}.Debug|x86.Build.0 = Debug|Win32
		{71C5DFCA-080F-4D78-88B2-76D51CE17DC6}.Release|x64.ActiveCfg = Release|x64
		{71C5DFCA-080F-4D78-88B2-76D51CE17DC6}.Release|x64.Build.0 = Release|x64
		{71C5DFCA-080F-4D78-88B2-76D51CE17DC6}.Release|x86.ActiveCfg = Release|Win32
		{71C5DFCA-080F-4D78-88B2-76D51CE17DC6}.Release|x86.Build.0 = Release|Win32
		{50D6242D-0461-4130-8C90-74F20C74B487}.Debug|x64.ActiveCfg = Debug|x64
		{50D6242D-0461-4130-8C90-74F20C74B487}.Debug|x64.Build.0 = Debug|x64
		{50D6242D-0461-4130-8C90-74F20C74B487}.Debug|x86.ActiveCfg = Debug|Win32
		{50D6242D-0461-4130-8C90-74F20C74B487}.Debug|x86.Build.0 = Debug|Win32
		{50D6242D-0461-4130-8C90-74F20C74B487}.Release|x64.ActiveCfg = Release|x64
		{50D6242D-0461-4130-8C90-74F20C74B487}.Release|x64.Build.0 = Release|x64
		{50D6242D-0461-4130-8C90-74F20C74B487}.Release|x86.ActiveCfg = Release|Win32
		{50D6242D-0461-4130-8C90-74F20C74B487}.Release|x86.Build.0 = Release|Win32
	EndGlobalSection
	GlobalSection(SolutionProperties) = preSolution
		HideSolutionNode = FALSE
	EndGlobalSection
	GlobalSection(ExtensibilityGlobals) = postSolution
		SolutionGuid = {0E529BBA-4ED5-491F-ACCA-129105D4AB98}
	EndGlobalSection
EndGlobal
